{
  "originHash" : "2e69c5a0e6a3bd46b2dec38395315fc35a8b31d7595024aae19db7ef25af4dc3",
  "pins" : [
    {
      "identity" : "async-http-client",
      "kind" : "remoteSourceControl",
      "location" : "https://github.com/swift-server/async-http-client.git",
      "state" : {
        "revision" : "c5784ca81535cc6a92d900f84abd070dfb0e9392",
        "version" : "1.32.1"
      }
    },
    {
      "identity" : "aws-crt-swift",
      "kind" : "remoteSourceControl",
      "location" : "https://github.com/awslabs/aws-crt-swift",
      "state" : {
        "revision" : "d754d289d594adc240f55c90eab212bac818509c",
        "version" : "0.58.1"
      }
    },
    {
      "identity" : "aws-sdk-swift",
      "kind" : "remoteSourceControl",
      "location" : "https://github.com/awslabs/aws-sdk-swift",
      "state" : {
        "revision" : "7d4731534d6129ed02d189d9e3c7658bf621e01b",
        "version" : "1.6.76"
      }
    },
    {
      "identity" : "combine-schedulers",
      "kind" : "remoteSourceControl",
      "location" : "https://github.com/pointfreeco/combine-schedulers",
      "state" : {
        "revision" : "fd16d76fd8b9a976d88bfb6cacc05ca8d19c91b6",
        "version" : "1.1.0"
      }
    },
    {
      "identity" : "smithy-swift",
      "kind" : "remoteSourceControl",
      "location" : "https://github.com/smithy-lang/smithy-swift",
      "state" : {
        "revision" : "98bab6c210f5e67fa32441f53983efe1599bf69f",
        "version" : "0.192.0"
      }
    },
    {
      "identity" : "swift-algorithms",
      "kind" : "remoteSourceControl",
      "location" : "https://github.com/apple/swift-algorithms.git",
      "state" : {
        "revision" : "87e50f483c54e6efd60e885f7f5aa946cee68023",
        "version" : "1.2.1"
      }
    },
    {
      "identity" : "swift-asn1",
      "kind" : "remoteSourceControl",
      "location" : "https://github.com/apple/swift-asn1.git",
      "state" : {
        "revision" : "9f542610331815e29cc3821d3b6f488db8715517",
        "version" : "1.6.0"
      }
    },
    {
      "identity" : "swift-async-algorithms",
      "kind" : "remoteSourceControl",
      "location" : "https://github.com/apple/swift-async-algorithms.git",
      "state" : {
        "revision" : "9d349bcc328ac3c31ce40e746b5882742a0d1272",
        "version" : "1.1.3"
      }
    },
    {
      "identity" : "swift-atomics",
      "kind" : "remoteSourceControl",
      "location" : "https://github.com/apple/swift-atomics.git",
      "state" : {
        "revision" : "b601256eab081c0f92f059e12818ac1d4f178ff7",
        "version" : "1.3.0"
      }
    },
    {
      "identity" : "swift-case-paths",
      "kind" : "remoteSourceControl",
      "location" : "https://github.com/pointfreeco/swift-case-paths",
      "state" : {
        "revision" : "6989976265be3f8d2b5802c722f9ba168e227c71",
        "version" : "1.7.2"
      }
    },
    {
      "identity" : "swift-certificates",
      "kind" : "remoteSourceControl",
      "location" : "https://github.com/apple/swift-certificates.git",
      "state" : {
        "revision" : "24ccdeeeed4dfaae7955fcac9dbf5489ed4f1a25",
        "version" : "1.18.0"
      }
    },
    {
      "identity" : "swift-clocks",
      "kind" : "remoteSourceControl",
      "location" : "https://github.com/pointfreeco/swift-clocks",
      "state" : {
        "revision" : "cc46202b53476d64e824e0b6612da09d84ffde8e",
        "version" : "1.0.6"
      }
    },
    {
      "identity" : "swift-collections",
      "kind" : "remoteSourceControl",
      "location" : "https://github.com/apple/swift-collections",
      "state" : {
        "revision" : "8d9834a6189db730f6264db7556a7ffb751e99ee",
        "version" : "1.4.0"
      }
    },
    {
      "identity" : "swift-composable-architecture",
      "kind" : "remoteSourceControl",
      "location" : "https://github.com/pointfreeco/swift-composable-architecture",
      "state" : {
        "revision" : "adf6e52161f293fe4ab957dd732e214aca7031d2",
        "version" : "1.25.2"
      }
    },
    {
      "identity" : "swift-concurrency-extras",
      "kind" : "remoteSourceControl",
      "location" : "https://github.com/pointfreeco/swift-concurrency-extras",
      "state" : {
        "revision" : "5a3825302b1a0d744183200915a47b508c828e6f",
        "version" : "1.3.2"
      }
    },
    {
      "identity" : "swift-configuration",
      "kind" : "remoteSourceControl",
      "location" : "https://github.com/apple/swift-configuration.git",
      "state" : {
        "revision" : "be76c4ad929eb6c4bcaf3351799f2adf9e6848a9",
        "version" : "1.2.0"
      }
    },
    {
      "identity" : "swift-crypto",
      "kind" : "remoteSourceControl",
      "location" : "https://github.com/apple/swift-crypto.git",
      "state" : {
        "revision" : "fa308c07a6fa04a727212d793e761460e41049c3",
        "version" : "4.3.0"
      }
    },
    {
      "identity" : "swift-custom-dump",
      "kind" : "remoteSourceControl",
      "location" : "https://github.com/pointfreeco/swift-custom-dump",
      "state" : {
        "revision" : "06c57924455064182d6b217f06ebc05d00cb2990",
        "version" : "1.5.0"
      }
    },
    {
      "identity" : "swift-dependencies",
      "kind" : "remoteSourceControl",
      "location" : "https://github.com/pointfreeco/swift-dependencies",
      "state" : {
        "revision" : "c79f72b3e67a1eb64f66f76704c22ed6a5c1ed84",
        "version" : "1.11.0"
      }
    },
    {
      "identity" : "swift-distributed-tracing",
      "kind" : "remoteSourceControl",
      "location" : "https://github.com/apple/swift-distributed-tracing.git",
      "state" : {
        "revision" : "dc4030184203ffafbb2ec614352487235d747fe0",
        "version" : "1.4.1"
      }
    },
    {
      "identity" : "swift-http-structured-headers",
      "kind" : "remoteSourceControl",
      "location" : "https://github.com/apple/swift-http-structured-headers.git",
      "state" : {
        "revision" : "76d7627bd88b47bf5a0f8497dd244885960dde0b",
        "version" : "1.6.0"
      }
    },
    {
      "identity" : "swift-http-types",
      "kind" : "remoteSourceControl",
      "location" : "https://github.com/apple/swift-http-types.git",
      "state" : {
        "revision" : "45eb0224913ea070ec4fba17291b9e7ecf4749ca",
        "version" : "1.5.1"
      }
    },
    {
      "identity" : "swift-identified-collections",
      "kind" : "remoteSourceControl",
      "location" : "https://github.com/pointfreeco/swift-identified-collections",
      "state" : {
        "revision" : "322d9ffeeba85c9f7c4984b39422ec7cc3c56597",
        "version" : "1.1.1"
      }
    },
    {
      "identity" : "swift-log",
      "kind" : "remoteSourceControl",
      "location" : "https://github.com/apple/swift-log.git",
      "state" : {
        "revision" : "bbd81b6725ae874c69e9b8c8804d462356b55523",
        "version" : "1.10.1"
      }
    },
    {
      "identity" : "swift-navigation",
      "kind" : "remoteSourceControl",
      "location" : "https://github.com/pointfreeco/swift-navigation",
      "state" : {
        "revision" : "e7441dc4dfec6a4ae929e614e3c1e67c6639d164",
        "version" : "2.7.0"
      }
    },
    {
      "identity" : "swift-nio",
      "kind" : "remoteSourceControl",
      "location" : "https://github.com/apple/swift-nio.git",
      "state" : {
        "revision" : "b31565862a8f39866af50bc6676160d8dda7de35",
        "version" : "2.96.0"
      }
    },
    {
      "identity" : "swift-nio-extras",
      "kind" : "remoteSourceControl",
      "location" : "https://github.com/apple/swift-nio-extras.git",
      "state" : {
        "revision" : "abcf5312eb8ed2fb11916078aef7c46b06f20813",
        "version" : "1.33.0"
      }
    },
    {
      "identity" : "swift-nio-http2",
      "kind" : "remoteSourceControl",
      "location" : "https://github.com/apple/swift-nio-http2.git",
      "state" : {
        "revision" : "9019b76fa858564a27e0aab13c01987d6e2869fa",
        "version" : "1.41.0"
      }
    },
    {
      "identity" : "swift-nio-ssl",
      "kind" : "remoteSourceControl",
      "location" : "https://github.com/apple/swift-nio-ssl.git",
      "state" : {
        "revision" : "df9c3406028e3297246e6e7081977a167318b692",
        "version" : "2.36.1"
      }
    },
    {
      "identity" : "swift-nio-transport-services",
      "kind" : "remoteSourceControl",
      "location" : "https://github.com/apple/swift-nio-transport-services.git",
      "state" : {
        "revision" : "60c3e187154421171721c1a38e800b390680fb5d",
        "version" : "1.26.0"
      }
    },
    {
      "identity" : "swift-numerics",
      "kind" : "remoteSourceControl",
      "location" : "https://github.com/apple/swift-numerics.git",
      "state" : {
        "revision" : "0c0290ff6b24942dadb83a929ffaaa1481df04a2",
        "version" : "1.1.1"
      }
    },
    {
      "identity" : "swift-perception",
      "kind" : "remoteSourceControl",
      "location" : "https://github.com/pointfreeco/swift-perception",
      "state" : {
        "revision" : "4f47ebafed5f0b0172cf5c661454fa8e28fb2ac4",
        "version" : "2.0.9"
      }
    },
    {
      "identity" : "swift-service-context",
      "kind" : "remoteSourceControl",
      "location" : "https://github.com/apple/swift-service-context.git",
      "state" : {
        "revision" : "d0997351b0c7779017f88e7a93bc30a1878d7f29",
        "version" : "1.3.0"
      }
    },
    {
      "identity" : "swift-service-lifecycle",
      "kind" : "remoteSourceControl",
      "location" : "https://github.com/swift-server/swift-service-lifecycle",
      "state" : {
        "revision" : "89888196dd79c61c50bca9a103d8114f32e1e598",
        "version" : "2.10.1"
      }
    },
    {
      "identity" : "swift-sharing",
      "kind" : "remoteSourceControl",
      "location" : "https://github.com/pointfreeco/swift-sharing",
      "state" : {
        "revision" : "3bfc408cc2d0bee2287c174da6b1c76768377818",
        "version" : "2.7.4"
      }
    },
    {
      "identity" : "swift-syntax",
      "kind" : "remoteSourceControl",
      "location" : "https://github.com/swiftlang/swift-syntax",
      "state" : {
        "revision" : "4799286537280063c85a32f09884cfbca301b1a1",
        "version" : "602.0.0"
      }
    },
    {
      "identity" : "swift-system",
      "kind" : "remoteSourceControl",
      "location" : "https://github.com/apple/swift-system",
      "state" : {
        "revision" : "7c6ad0fc39d0763e0b699210e4124afd5041c5df",
        "version" : "1.6.4"
      }
    },
    {
      "identity" : "xctest-dynamic-overlay",
      "kind" : "remoteSourceControl",
      "location" : "https://github.com/pointfreeco/xctest-dynamic-overlay",
      "state" : {
        "revision" : "dfd70507def84cb5fb821278448a262c6ff2bbad",
        "version" : "1.9.0"
      }
    }
  ],
  "version" : 3
}
