// !$*UTF8*$!
{
	archiveVersion = 1;
	classes = {
	};
	objectVersion = 77;
	objects = {

/* Begin PBXBuildFile section */
		803577EB2F70B4D900AC09C2 /* Dependencies in Frameworks */ = {isa = PBXBuildFile; productRef = 803577EA2F70B4D900AC09C2 /* Dependencies */; };
		803577EE2F70B5DD00AC09C2 /* ComposableArchitecture in Frameworks */ = {isa = PBXBuildFile; productRef = 803577ED2F70B5DD00AC09C2 /* ComposableArchitecture */; };
		80A4157B2F6A2DF900AD6CFA /* AWSS3 in Frameworks */ = {isa = PBXBuildFile; productRef = 80A4157A2F6A2DF900AD6CFA /* AWSS3 */; };
		80B4E5072F93A4730099C03C /* Sentry in Frameworks */ = {isa = PBXBuildFile; productRef = 80B4E5062F93A4730099C03C /* Sentry */; };
		80B4E50A2F93B3FD0099C03C /* xxHash-Swift in Frameworks */ = {isa = PBXBuildFile; productRef = 80B4E5092F93B3FD0099C03C /* xxHash-Swift */; };
		80B4E5492F93BB350099C03C /* libzstd in Frameworks */ = {isa = PBXBuildFile; productRef = 80B4E5482F93BB350099C03C /* libzstd */; };
		80B4E5772F93BF260099C03C /* SWCompression in Frameworks */ = {isa = PBXBuildFile; productRef = 80B4E5762F93BF260099C03C /* SWCompression */; };
/* End PBXBuildFile section */

/* Begin PBXContainerItemProxy section */
		80D9244A2F69A7E100D79B07 /* PBXContainerItemProxy */ = {
			isa = PBXContainerItemProxy;
			containerPortal = 80D924322F69A7DF00D79B07 /* Project object */;
			proxyType = 1;
			remoteGlobalIDString = 80D924392F69A7DF00D79B07;
			remoteInfo = JPBT;
		};
		80D924542F69A7E100D79B07 /* PBXContainerItemProxy */ = {
			isa = PBXContainerItemProxy;
			containerPortal = 80D924322F69A7DF00D79B07 /* Project object */;
			proxyType = 1;
			remoteGlobalIDString = 80D924392F69A7DF00D79B07;
			remoteInfo = JPBT;
		};
/* End PBXContainerItemProxy section */

/* Begin PBXFileReference section */
		80D9243A2F69A7DF00D79B07 /* JPBT.app */ = {isa = PBXFileReference; explicitFileType = wrapper.application; includeInIndex = 0; path = JPBT.app; sourceTree = BUILT_PRODUCTS_DIR; };
		80D924492F69A7E100D79B07 /* JPBTTests.xctest */ = {isa = PBXFileReference; explicitFileType = wrapper.cfbundle; includeInIndex = 0; path = JPBTTests.xctest; sourceTree = BUILT_PRODUCTS_DIR; };
		80D924532F69A7E100D79B07 /* JPBTUITests.xctest */ = {isa = PBXFileReference; explicitFileType = wrapper.cfbundle; includeInIndex = 0; path = JPBTUITests.xctest; sourceTree = BUILT_PRODUCTS_DIR; };
/* End PBXFileReference section */

/* Begin PBXFileSystemSynchronizedRootGroup section */
		80D9243C2F69A7DF00D79B07 /* JPBT */ = {
			isa = PBXFileSystemSynchronizedRootGroup;
			path = JPBT;
			sourceTree = "<group>";
		};
		80D9244C2F69A7E100D79B07 /* JPBTTests */ = {
			isa = PBXFileSystemSynchronizedRootGroup;
			path = JPBTTests;
			sourceTree = "<group>";
		};
		80D924562F69A7E100D79B07 /* JPBTUITests */ = {
			isa = PBXFileSystemSynchronizedRootGroup;
			path = JPBTUITests;
			sourceTree = "<group>";
		};
/* End PBXFileSystemSynchronizedRootGroup section */

/* Begin PBXFrameworksBuildPhase section */
		80D924372F69A7DF00D79B07 /* Frameworks */ = {
			isa = PBXFrameworksBuildPhase;
			buildActionMask = 2147483647;
			files = (
				80A4157B2F6A2DF900AD6CFA /* AWSS3 in Frameworks */,
				803577EB2F70B4D900AC09C2 /* Dependencies in Frameworks */,
				80B4E50A2F93B3FD0099C03C /* xxHash-Swift in Frameworks */,
				80B4E5492F93BB350099C03C /* libzstd in Frameworks */,
				803577EE2F70B5DD00AC09C2 /* ComposableArchitecture in Frameworks */,
				80B4E5772F93BF260099C03C /* SWCompression in Frameworks */,
				80B4E5072F93A4730099C03C /* Sentry in Frameworks */,
			);
			runOnlyForDeploymentPostprocessing = 0;
		};
		80D924462F69A7E100D79B07 /* Frameworks */ = {
			isa = PBXFrameworksBuildPhase;
			buildActionMask = 2147483647;
			files = (
			);
			runOnlyForDeploymentPostprocessing = 0;
		};
		80D924502F69A7E100D79B07 /* Frameworks */ = {
			isa = PBXFrameworksBuildPhase;
			buildActionMask = 2147483647;
			files = (
			);
			runOnlyForDeploymentPostprocessing = 0;
		};
/* End PBXFrameworksBuildPhase section */

/* Begin PBXGroup section */
		80D924312F69A7DF00D79B07 = {
			isa = PBXGroup;
			children = (
				80D9243C2F69A7DF00D79B07 /* JPBT */,
				80D9244C2F69A7E100D79B07 /* JPBTTests */,
				80D924562F69A7E100D79B07 /* JPBTUITests */,
				80D9243B2F69A7DF00D79B07 /* Products */,
			);
			sourceTree = "<group>";
		};
		80D9243B2F69A7DF00D79B07 /* Products */ = {
			isa = PBXGroup;
			children = (
				80D9243A2F69A7DF00D79B07 /* JPBT.app */,
				80D924492F69A7E100D79B07 /* JPBTTests.xctest */,
				80D924532F69A7E100D79B07 /* JPBTUITests.xctest */,
			);
			name = Products;
			sourceTree = "<group>";
		};
/* End PBXGroup section */

/* Begin PBXNativeTarget section */
		80D924392F69A7DF00D79B07 /* JPBT */ = {
			isa = PBXNativeTarget;
			buildConfigurationList = 80D9245D2F69A7E100D79B07 /* Build configuration list for PBXNativeTarget "JPBT" */;
			buildPhases = (
				80D924362F69A7DF00D79B07 /* Sources */,
				80D924372F69A7DF00D79B07 /* Frameworks */,
				80D924382F69A7DF00D79B07 /* Resources */,
			);
			buildRules = (
			);
			dependencies = (
			);
			fileSystemSynchronizedGroups = (
				80D9243C2F69A7DF00D79B07 /* JPBT */,
			);
			name = JPBT;
			packageProductDependencies = (
				80A4157A2F6A2DF900AD6CFA /* AWSS3 */,
				803577EA2F70B4D900AC09C2 /* Dependencies */,
				803577ED2F70B5DD00AC09C2 /* ComposableArchitecture */,
				80B4E5062F93A4730099C03C /* Sentry */,
				80B4E5092F93B3FD0099C03C /* xxHash-Swift */,
				80B4E5482F93BB350099C03C /* libzstd */,
				80B4E5762F93BF260099C03C /* SWCompression */,
			);
			productName = JPBT;
			productReference = 80D9243A2F69A7DF00D79B07 /* JPBT.app */;
			productType = "com.apple.product-type.application";
		};
		80D924482F69A7E100D79B07 /* JPBTTests */ = {
			isa = PBXNativeTarget;
			buildConfigurationList = 80D924602F69A7E100D79B07 /* Build configuration list for PBXNativeTarget "JPBTTests" */;
			buildPhases = (
				80D924452F69A7E100D79B07 /* Sources */,
				80D924462F69A7E100D79B07 /* Frameworks */,
				80D924472F69A7E100D79B07 /* Resources */,
			);
			buildRules = (
			);
			dependencies = (
				80D9244B2F69A7E100D79B07 /* PBXTargetDependency */,
			);
			fileSystemSynchronizedGroups = (
				80D9244C2F69A7E100D79B07 /* JPBTTests */,
			);
			name = JPBTTests;
			packageProductDependencies = (
			);
			productName = JPBTTests;
			productReference = 80D924492F69A7E100D79B07 /* JPBTTests.xctest */;
			productType = "com.apple.product-type.bundle.unit-test";
		};
		80D924522F69A7E100D79B07 /* JPBTUITests */ = {
			isa = PBXNativeTarget;
			buildConfigurationList = 80D924632F69A7E100D79B07 /* Build configuration list for PBXNativeTarget "JPBTUITests" */;
			buildPhases = (
				80D9244F2F69A7E100D79B07 /* Sources */,
				80D924502F69A7E100D79B07 /* Frameworks */,
				80D924512F69A7E100D79B07 /* Resources */,
			);
			buildRules = (
			);
			dependencies = (
				80D924552F69A7E100D79B07 /* PBXTargetDependency */,
			);
			fileSystemSynchronizedGroups = (
				80D924562F69A7E100D79B07 /* JPBTUITests */,
			);
			name = JPBTUITests;
			packageProductDependencies = (
			);
			productName = JPBTUITests;
			productReference = 80D924532F69A7E100D79B07 /* JPBTUITests.xctest */;
			productType = "com.apple.product-type.bundle.ui-testing";
		};
/* End PBXNativeTarget section */

/* Begin PBXProject section */
		80D924322F69A7DF00D79B07 /* Project object */ = {
			isa = PBXProject;
			attributes = {
				BuildIndependentTargetsInParallel = 1;
				LastSwiftUpdateCheck = 2630;
				LastUpgradeCheck = 2630;
				TargetAttributes = {
					80D924392F69A7DF00D79B07 = {
						CreatedOnToolsVersion = 26.3;
					};
					80D924482F69A7E100D79B07 = {
						CreatedOnToolsVersion = 26.3;
						TestTargetID = 80D924392F69A7DF00D79B07;
					};
					80D924522F69A7E100D79B07 = {
						CreatedOnToolsVersion = 26.3;
						TestTargetID = 80D924392F69A7DF00D79B07;
					};
				};
			};
			buildConfigurationList = 80D924352F69A7DF00D79B07 /* Build configuration list for PBXProject "JPBT" */;
			developmentRegion = en;
			hasScannedForEncodings = 0;
			knownRegions = (
				en,
				Base,
			);
			mainGroup = 80D924312F69A7DF00D79B07;
			minimizedProjectReferenceProxies = 1;
			packageReferences = (
				80A415792F6A2DF900AD6CFA /* XCRemoteSwiftPackageReference "aws-sdk-swift" */,
				803577E92F70B4D900AC09C2 /* XCRemoteSwiftPackageReference "swift-dependencies" */,
				803577EC2F70B5DD00AC09C2 /* XCRemoteSwiftPackageReference "swift-composable-architecture" */,
				80B4E5052F93A4730099C03C /* XCRemoteSwiftPackageReference "sentry-cocoa" */,
				80B4E5082F93B3FD0099C03C /* XCRemoteSwiftPackageReference "xxHash-Swift" */,
				80B4E5472F93BB350099C03C /* XCRemoteSwiftPackageReference "zstd" */,
				80B4E5752F93BF260099C03C /* XCRemoteSwiftPackageReference "SWCompression" */,
			);
			preferredProjectObjectVersion = 77;
			productRefGroup = 80D9243B2F69A7DF00D79B07 /* Products */;
			projectDirPath = "";
			projectRoot = "";
			targets = (
				80D924392F69A7DF00D79B07 /* JPBT */,
				80D924482F69A7E100D79B07 /* JPBTTests */,
				80D924522F69A7E100D79B07 /* JPBTUITests */,
			);
		};
/* End PBXProject section */

/* Begin PBXResourcesBuildPhase section */
		80D924382F69A7DF00D79B07 /* Resources */ = {
			isa = PBXResourcesBuildPhase;
			buildActionMask = 2147483647;
			files = (
			);
			runOnlyForDeploymentPostprocessing = 0;
		};
		80D924472F69A7E100D79B07 /* Resources */ = {
			isa = PBXResourcesBuildPhase;
			buildActionMask = 2147483647;
			files = (
			);
			runOnlyForDeploymentPostprocessing = 0;
		};
		80D924512F69A7E100D79B07 /* Resources */ = {
			isa = PBXResourcesBuildPhase;
			buildActionMask = 2147483647;
			files = (
			);
			runOnlyForDeploymentPostprocessing = 0;
		};
/* End PBXResourcesBuildPhase section */

/* Begin PBXSourcesBuildPhase section */
		80D924362F69A7DF00D79B07 /* Sources */ = {
			isa = PBXSourcesBuildPhase;
			buildActionMask = 2147483647;
			files = (
			);
			runOnlyForDeploymentPostprocessing = 0;
		};
		80D924452F69A7E100D79B07 /* Sources */ = {
			isa = PBXSourcesBuildPhase;
			buildActionMask = 2147483647;
			files = (
			);
			runOnlyForDeploymentPostprocessing = 0;
		};
		80D9244F2F69A7E100D79B07 /* Sources */ = {
			isa = PBXSourcesBuildPhase;
			buildActionMask = 2147483647;
			files = (
			);
			runOnlyForDeploymentPostprocessing = 0;
		};
/* End PBXSourcesBuildPhase section */

/* Begin PBXTargetDependency section */
		80D9244B2F69A7E100D79B07 /* PBXTargetDependency */ = {
			isa = PBXTargetDependency;
			target = 80D924392F69A7DF00D79B07 /* JPBT */;
			targetProxy = 80D9244A2F69A7E100D79B07 /* PBXContainerItemProxy */;
		};
		80D924552F69A7E100D79B07 /* PBXTargetDependency */ = {
			isa = PBXTargetDependency;
			target = 80D924392F69A7DF00D79B07 /* JPBT */;
			targetProxy = 80D924542F69A7E100D79B07 /* PBXContainerItemProxy */;
		};
/* End PBXTargetDependency section */

/* Begin XCBuildConfiguration section */
		80D9245B2F69A7E100D79B07 /* Debug */ = {
			isa = XCBuildConfiguration;
			buildSettings = {
				ALWAYS_SEARCH_USER_PATHS = NO;
				ASSETCATALOG_COMPILER_GENERATE_SWIFT_ASSET_SYMBOL_EXTENSIONS = YES;
				CLANG_ANALYZER_NONNULL = YES;
				CLANG_ANALYZER_NUMBER_OBJECT_CONVERSION = YES_AGGRESSIVE;
				CLANG_CXX_LANGUAGE_STANDARD = "gnu++20";
				CLANG_ENABLE_MODULES = YES;
				CLANG_ENABLE_OBJC_ARC = YES;
				CLANG_ENABLE_OBJC_WEAK = YES;
				CLANG_WARN_BLOCK_CAPTURE_AUTORELEASING = YES;
				CLANG_WARN_BOOL_CONVERSION = YES;
				CLANG_WARN_COMMA = YES;
				CLANG_WARN_CONSTANT_CONVERSION = YES;
				CLANG_WARN_DEPRECATED_OBJC_IMPLEMENTATIONS = YES;
				CLANG_WARN_DIRECT_OBJC_ISA_USAGE = YES_ERROR;
				CLANG_WARN_DOCUMENTATION_COMMENTS = YES;
				CLANG_WARN_EMPTY_BODY = YES;
				CLANG_WARN_ENUM_CONVERSION = YES;
				CLANG_WARN_INFINITE_RECURSION = YES;
				CLANG_WARN_INT_CONVERSION = YES;
				CLANG_WARN_NON_LITERAL_NULL_CONVERSION = YES;
				CLANG_WARN_OBJC_IMPLICIT_RETAIN_SELF = YES;
				CLANG_WARN_OBJC_LITERAL_CONVERSION = YES;
				CLANG_WARN_OBJC_ROOT_CLASS = YES_ERROR;
				CLANG_WARN_QUOTED_INCLUDE_IN_FRAMEWORK_HEADER = YES;
				CLANG_WARN_RANGE_LOOP_ANALYSIS = YES;
				CLANG_WARN_STRICT_PROTOTYPES = YES;
				CLANG_WARN_SUSPICIOUS_MOVE = YES;
				CLANG_WARN_UNGUARDED_AVAILABILITY = YES_AGGRESSIVE;
				CLANG_WARN_UNREACHABLE_CODE = YES;
				CLANG_WARN__DUPLICATE_METHOD_MATCH = YES;
				COPY_PHASE_STRIP = NO;
				DEBUG_INFORMATION_FORMAT = dwarf;
				DEVELOPMENT_TEAM = 2RLCGXAKX3;
				ENABLE_STRICT_OBJC_MSGSEND = YES;
				ENABLE_TESTABILITY = YES;
				ENABLE_USER_SCRIPT_SANDBOXING = YES;
				GCC_C_LANGUAGE_STANDARD = gnu17;
				GCC_DYNAMIC_NO_PIC = NO;
				GCC_NO_COMMON_BLOCKS = YES;
				GCC_OPTIMIZATION_LEVEL = 0;
				GCC_PREPROCESSOR_DEFINITIONS = (
					"DEBUG=1",
					"$(inherited)",
				);
				GCC_WARN_64_TO_32_BIT_CONVERSION = YES;
				GCC_WARN_ABOUT_RETURN_TYPE = YES_ERROR;
				GCC_WARN_UNDECLARED_SELECTOR = YES;
				GCC_WARN_UNINITIALIZED_AUTOS = YES_AGGRESSIVE;
				GCC_WARN_UNUSED_FUNCTION = YES;
				GCC_WARN_UNUSED_VARIABLE = YES;
				LOCALIZATION_PREFERS_STRING_CATALOGS = YES;
				MTL_ENABLE_DEBUG_INFO = INCLUDE_SOURCE;
				MTL_FAST_MATH = YES;
				ONLY_ACTIVE_ARCH = YES;
				SWIFT_ACTIVE_COMPILATION_CONDITIONS = "DEBUG $(inherited)";
				SWIFT_OPTIMIZATION_LEVEL = "-Onone";
				SWIFT_VERSION = 6.0;
			};
			name = Debug;
		};
		80D9245C2F69A7E100D79B07 /* Release */ = {
			isa = XCBuildConfiguration;
			buildSettings = {
				ALWAYS_SEARCH_USER_PATHS = NO;
				ASSETCATALOG_COMPILER_GENERATE_SWIFT_ASSET_SYMBOL_EXTENSIONS = YES;
				CLANG_ANALYZER_NONNULL = YES;
				CLANG_ANALYZER_NUMBER_OBJECT_CONVERSION = YES_AGGRESSIVE;
				CLANG_CXX_LANGUAGE_STANDARD = "gnu++20";
				CLANG_ENABLE_MODULES = YES;
				CLANG_ENABLE_OBJC_ARC = YES;
				CLANG_ENABLE_OBJC_WEAK = YES;
				CLANG_WARN_BLOCK_CAPTURE_AUTORELEASING = YES;
				CLANG_WARN_BOOL_CONVERSION = YES;
				CLANG_WARN_COMMA = YES;
				CLANG_WARN_CONSTANT_CONVERSION = YES;
				CLANG_WARN_DEPRECATED_OBJC_IMPLEMENTATIONS = YES;
				CLANG_WARN_DIRECT_OBJC_ISA_USAGE = YES_ERROR;
				CLANG_WARN_DOCUMENTATION_COMMENTS = YES;
				CLANG_WARN_EMPTY_BODY = YES;
				CLANG_WARN_ENUM_CONVERSION = YES;
				CLANG_WARN_INFINITE_RECURSION = YES;
				CLANG_WARN_INT_CONVERSION = YES;
				CLANG_WARN_NON_LITERAL_NULL_CONVERSION = YES;
				CLANG_WARN_OBJC_IMPLICIT_RETAIN_SELF = YES;
				CLANG_WARN_OBJC_LITERAL_CONVERSION = YES;
				CLANG_WARN_OBJC_ROOT_CLASS = YES_ERROR;
				CLANG_WARN_QUOTED_INCLUDE_IN_FRAMEWORK_HEADER = YES;
				CLANG_WARN_RANGE_LOOP_ANALYSIS = YES;
				CLANG_WARN_STRICT_PROTOTYPES = YES;
				CLANG_WARN_SUSPICIOUS_MOVE = YES;
				CLANG_WARN_UNGUARDED_AVAILABILITY = YES_AGGRESSIVE;
				CLANG_WARN_UNREACHABLE_CODE = YES;
				CLANG_WARN__DUPLICATE_METHOD_MATCH = YES;
				COPY_PHASE_STRIP = NO;
				DEBUG_INFORMATION_FORMAT = "dwarf-with-dsym";
				DEVELOPMENT_TEAM = 2RLCGXAKX3;
				ENABLE_NS_ASSERTIONS = NO;
				ENABLE_STRICT_OBJC_MSGSEND = YES;
				ENABLE_USER_SCRIPT_SANDBOXING = YES;
				GCC_C_LANGUAGE_STANDARD = gnu17;
				GCC_NO_COMMON_BLOCKS = YES;
				GCC_WARN_64_TO_32_BIT_CONVERSION = YES;
				GCC_WARN_ABOUT_RETURN_TYPE = YES_ERROR;
				GCC_WARN_UNDECLARED_SELECTOR = YES;
				GCC_WARN_UNINITIALIZED_AUTOS = YES_AGGRESSIVE;
				GCC_WARN_UNUSED_FUNCTION = YES;
				GCC_WARN_UNUSED_VARIABLE = YES;
				LOCALIZATION_PREFERS_STRING_CATALOGS = YES;
				MTL_ENABLE_DEBUG_INFO = NO;
				MTL_FAST_MATH = YES;
				SWIFT_COMPILATION_MODE = wholemodule;
				SWIFT_VERSION = 6.0;
			};
			name = Release;
		};
		80D9245E2F69A7E100D79B07 /* Debug */ = {
			isa = XCBuildConfiguration;
			buildSettings = {
				ASSETCATALOG_COMPILER_APPICON_NAME = AppIcon;
				ASSETCATALOG_COMPILER_GLOBAL_ACCENT_COLOR_NAME = AccentColor;
				AUTOMATION_APPLE_EVENTS = NO;
				CODE_SIGN_STYLE = Automatic;
				CURRENT_PROJECT_VERSION = 1;
				DEVELOPMENT_TEAM = 2RLCGXAKX3;
				ENABLE_APP_SANDBOX = YES;
				ENABLE_HARDENED_RUNTIME = YES;
				ENABLE_OUTGOING_NETWORK_CONNECTIONS = YES;
				ENABLE_PREVIEWS = YES;
				ENABLE_RESOURCE_ACCESS_AUDIO_INPUT = NO;
				ENABLE_RESOURCE_ACCESS_CALENDARS = NO;
				ENABLE_RESOURCE_ACCESS_CAMERA = NO;
				ENABLE_RESOURCE_ACCESS_CONTACTS = NO;
				ENABLE_RESOURCE_ACCESS_LOCATION = NO;
				ENABLE_RESOURCE_ACCESS_PHOTO_LIBRARY = YES;
				ENABLE_USER_SELECTED_FILES = readonly;
				GENERATE_INFOPLIST_FILE = YES;
				INFOPLIST_KEY_NSPhotoLibraryUsageDescription = test;
				"INFOPLIST_KEY_UIApplicationSceneManifest_Generation[sdk=iphoneos*]" = YES;
				"INFOPLIST_KEY_UIApplicationSceneManifest_Generation[sdk=iphonesimulator*]" = YES;
				"INFOPLIST_KEY_UIApplicationSupportsIndirectInputEvents[sdk=iphoneos*]" = YES;
				"INFOPLIST_KEY_UIApplicationSupportsIndirectInputEvents[sdk=iphonesimulator*]" = YES;
				"INFOPLIST_KEY_UILaunchScreen_Generation[sdk=iphoneos*]" = YES;
				"INFOPLIST_KEY_UILaunchScreen_Generation[sdk=iphonesimulator*]" = YES;
				"INFOPLIST_KEY_UIStatusBarStyle[sdk=iphoneos*]" = UIStatusBarStyleDefault;
				"INFOPLIST_KEY_UIStatusBarStyle[sdk=iphonesimulator*]" = UIStatusBarStyleDefault;
				INFOPLIST_KEY_UISupportedInterfaceOrientations_iPad = "UIInterfaceOrientationPortrait UIInterfaceOrientationPortraitUpsideDown UIInterfaceOrientationLandscapeLeft UIInterfaceOrientationLandscapeRight";
				INFOPLIST_KEY_UISupportedInterfaceOrientations_iPhone = "UIInterfaceOrientationPortrait UIInterfaceOrientationLandscapeLeft UIInterfaceOrientationLandscapeRight";
				IPHONEOS_DEPLOYMENT_TARGET = 26.2;
				LD_RUNPATH_SEARCH_PATHS = "@executable_path/Frameworks";
				"LD_RUNPATH_SEARCH_PATHS[sdk=macosx*]" = "@executable_path/../Frameworks";
				MACOSX_DEPLOYMENT_TARGET = 26.2;
				MARKETING_VERSION = 1.0;
				PRODUCT_BUNDLE_IDENTIFIER = eu.j2ghz.JPBT;
				PRODUCT_NAME = "$(TARGET_NAME)";
				REGISTER_APP_GROUPS = YES;
				RUNTIME_EXCEPTION_ALLOW_DYLD_ENVIRONMENT_VARIABLES = NO;
				RUNTIME_EXCEPTION_ALLOW_JIT = NO;
				RUNTIME_EXCEPTION_ALLOW_UNSIGNED_EXECUTABLE_MEMORY = NO;
				RUNTIME_EXCEPTION_DEBUGGING_TOOL = NO;
				RUNTIME_EXCEPTION_DISABLE_EXECUTABLE_PAGE_PROTECTION = NO;
				RUNTIME_EXCEPTION_DISABLE_LIBRARY_VALIDATION = NO;
				SDKROOT = auto;
				STRING_CATALOG_GENERATE_SYMBOLS = YES;
				SUPPORTED_PLATFORMS = "iphoneos iphonesimulator macosx xros xrsimulator";
				SWIFT_APPROACHABLE_CONCURRENCY = YES;
				SWIFT_DEFAULT_ACTOR_ISOLATION = MainActor;
				SWIFT_EMIT_LOC_STRINGS = YES;
				SWIFT_UPCOMING_FEATURE_MEMBER_IMPORT_VISIBILITY = YES;
				SWIFT_VERSION = 5.0;
				TARGETED_DEVICE_FAMILY = "1,2,7";
				XROS_DEPLOYMENT_TARGET = 26.2;
			};
			name = Debug;
		};
		80D9245F2F69A7E100D79B07 /* Release */ = {
			isa = XCBuildConfiguration;
			buildSettings = {
				ASSETCATALOG_COMPILER_APPICON_NAME = AppIcon;
				ASSETCATALOG_COMPILER_GLOBAL_ACCENT_COLOR_NAME = AccentColor;
				AUTOMATION_APPLE_EVENTS = NO;
				CODE_SIGN_STYLE = Automatic;
				CURRENT_PROJECT_VERSION = 1;
				DEVELOPMENT_TEAM = 2RLCGXAKX3;
				ENABLE_APP_SANDBOX = YES;
				ENABLE_HARDENED_RUNTIME = YES;
				ENABLE_OUTGOING_NETWORK_CONNECTIONS = YES;
				ENABLE_PREVIEWS = YES;
				ENABLE_RESOURCE_ACCESS_AUDIO_INPUT = NO;
				ENABLE_RESOURCE_ACCESS_CALENDARS = NO;
				ENABLE_RESOURCE_ACCESS_CAMERA = NO;
				ENABLE_RESOURCE_ACCESS_CONTACTS = NO;
				ENABLE_RESOURCE_ACCESS_LOCATION = NO;
				ENABLE_RESOURCE_ACCESS_PHOTO_LIBRARY = YES;
				ENABLE_USER_SELECTED_FILES = readonly;
				GENERATE_INFOPLIST_FILE = YES;
				INFOPLIST_KEY_NSPhotoLibraryUsageDescription = test;
				"INFOPLIST_KEY_UIApplicationSceneManifest_Generation[sdk=iphoneos*]" = YES;
				"INFOPLIST_KEY_UIApplicationSceneManifest_Generation[sdk=iphonesimulator*]" = YES;
				"INFOPLIST_KEY_UIApplicationSupportsIndirectInputEvents[sdk=iphoneos*]" = YES;
				"INFOPLIST_KEY_UIApplicationSupportsIndirectInputEvents[sdk=iphonesimulator*]" = YES;
				"INFOPLIST_KEY_UILaunchScreen_Generation[sdk=iphoneos*]" = YES;
				"INFOPLIST_KEY_UILaunchScreen_Generation[sdk=iphonesimulator*]" = YES;
				"INFOPLIST_KEY_UIStatusBarStyle[sdk=iphoneos*]" = UIStatusBarStyleDefault;
				"INFOPLIST_KEY_UIStatusBarStyle[sdk=iphonesimulator*]" = UIStatusBarStyleDefault;
				INFOPLIST_KEY_UISupportedInterfaceOrientations_iPad = "UIInterfaceOrientationPortrait UIInterfaceOrientationPortraitUpsideDown UIInterfaceOrientationLandscapeLeft UIInterfaceOrientationLandscapeRight";
				INFOPLIST_KEY_UISupportedInterfaceOrientations_iPhone = "UIInterfaceOrientationPortrait UIInterfaceOrientationLandscapeLeft UIInterfaceOrientationLandscapeRight";
				IPHONEOS_DEPLOYMENT_TARGET = 26.2;
				LD_RUNPATH_SEARCH_PATHS = "@executable_path/Frameworks";
				"LD_RUNPATH_SEARCH_PATHS[sdk=macosx*]" = "@executable_path/../Frameworks";
				MACOSX_DEPLOYMENT_TARGET = 26.2;
				MARKETING_VERSION = 1.0;
				PRODUCT_BUNDLE_IDENTIFIER = eu.j2ghz.JPBT;
				PRODUCT_NAME = "$(TARGET_NAME)";
				REGISTER_APP_GROUPS = YES;
				RUNTIME_EXCEPTION_ALLOW_DYLD_ENVIRONMENT_VARIABLES = NO;
				RUNTIME_EXCEPTION_ALLOW_JIT = NO;
				RUNTIME_EXCEPTION_ALLOW_UNSIGNED_EXECUTABLE_MEMORY = NO;
				RUNTIME_EXCEPTION_DEBUGGING_TOOL = NO;
				RUNTIME_EXCEPTION_DISABLE_EXECUTABLE_PAGE_PROTECTION = NO;
				RUNTIME_EXCEPTION_DISABLE_LIBRARY_VALIDATION = NO;
				SDKROOT = auto;
				STRING_CATALOG_GENERATE_SYMBOLS = YES;
				SUPPORTED_PLATFORMS = "iphoneos iphonesimulator macosx xros xrsimulator";
				SWIFT_APPROACHABLE_CONCURRENCY = YES;
				SWIFT_DEFAULT_ACTOR_ISOLATION = MainActor;
				SWIFT_EMIT_LOC_STRINGS = YES;
				SWIFT_UPCOMING_FEATURE_MEMBER_IMPORT_VISIBILITY = YES;
				SWIFT_VERSION = 5.0;
				TARGETED_DEVICE_FAMILY = "1,2,7";
				XROS_DEPLOYMENT_TARGET = 26.2;
			};
			name = Release;
		};
		80D924612F69A7E100D79B07 /* Debug */ = {
			isa = XCBuildConfiguration;
			buildSettings = {
				BUNDLE_LOADER = "$(TEST_HOST)";
				CODE_SIGN_STYLE = Automatic;
				CURRENT_PROJECT_VERSION = 1;
				DEVELOPMENT_TEAM = 2RLCGXAKX3;
				GENERATE_INFOPLIST_FILE = YES;
				IPHONEOS_DEPLOYMENT_TARGET = 26.2;
				MACOSX_DEPLOYMENT_TARGET = 26.2;
				MARKETING_VERSION = 1.0;
				PRODUCT_BUNDLE_IDENTIFIER = eu.j2ghz.JPBTTests;
				PRODUCT_NAME = "$(TARGET_NAME)";
				SDKROOT = auto;
				STRING_CATALOG_GENERATE_SYMBOLS = NO;
				SUPPORTED_PLATFORMS = "iphoneos iphonesimulator macosx xros xrsimulator";
				SWIFT_APPROACHABLE_CONCURRENCY = YES;
				SWIFT_EMIT_LOC_STRINGS = NO;
				SWIFT_UPCOMING_FEATURE_MEMBER_IMPORT_VISIBILITY = YES;
				SWIFT_VERSION = 5.0;
				TARGETED_DEVICE_FAMILY = "1,2,7";
				TEST_HOST = "$(BUILT_PRODUCTS_DIR)/JPBT.app/$(BUNDLE_EXECUTABLE_FOLDER_PATH)/JPBT";
				XROS_DEPLOYMENT_TARGET = 26.2;
			};
			name = Debug;
		};
		80D924622F69A7E100D79B07 /* Release */ = {
			isa = XCBuildConfiguration;
			buildSettings = {
				BUNDLE_LOADER = "$(TEST_HOST)";
				CODE_SIGN_STYLE = Automatic;
				CURRENT_PROJECT_VERSION = 1;
				DEVELOPMENT_TEAM = 2RLCGXAKX3;
				GENERATE_INFOPLIST_FILE = YES;
				IPHONEOS_DEPLOYMENT_TARGET = 26.2;
				MACOSX_DEPLOYMENT_TARGET = 26.2;
				MARKETING_VERSION = 1.0;
				PRODUCT_BUNDLE_IDENTIFIER = eu.j2ghz.JPBTTests;
				PRODUCT_NAME = "$(TARGET_NAME)";
				SDKROOT = auto;
				STRING_CATALOG_GENERATE_SYMBOLS = NO;
				SUPPORTED_PLATFORMS = "iphoneos iphonesimulator macosx xros xrsimulator";
				SWIFT_APPROACHABLE_CONCURRENCY = YES;
				SWIFT_EMIT_LOC_STRINGS = NO;
				SWIFT_UPCOMING_FEATURE_MEMBER_IMPORT_VISIBILITY = YES;
				SWIFT_VERSION = 5.0;
				TARGETED_DEVICE_FAMILY = "1,2,7";
				TEST_HOST = "$(BUILT_PRODUCTS_DIR)/JPBT.app/$(BUNDLE_EXECUTABLE_FOLDER_PATH)/JPBT";
				XROS_DEPLOYMENT_TARGET = 26.2;
			};
			name = Release;
		};
		80D924642F69A7E100D79B07 /* Debug */ = {
			isa = XCBuildConfiguration;
			buildSettings = {
				CODE_SIGN_STYLE = Automatic;
				CURRENT_PROJECT_VERSION = 1;
				DEVELOPMENT_TEAM = 2RLCGXAKX3;
				GENERATE_INFOPLIST_FILE = YES;
				IPHONEOS_DEPLOYMENT_TARGET = 26.2;
				MACOSX_DEPLOYMENT_TARGET = 26.2;
				MARKETING_VERSION = 1.0;
				PRODUCT_BUNDLE_IDENTIFIER = eu.j2ghz.JPBTUITests;
				PRODUCT_NAME = "$(TARGET_NAME)";
				SDKROOT = auto;
				STRING_CATALOG_GENERATE_SYMBOLS = NO;
				SUPPORTED_PLATFORMS = "iphoneos iphonesimulator macosx xros xrsimulator";
				SWIFT_APPROACHABLE_CONCURRENCY = YES;
				SWIFT_EMIT_LOC_STRINGS = NO;
				SWIFT_UPCOMING_FEATURE_MEMBER_IMPORT_VISIBILITY = YES;
				SWIFT_VERSION = 5.0;
				TARGETED_DEVICE_FAMILY = "1,2,7";
				TEST_TARGET_NAME = JPBT;
				XROS_DEPLOYMENT_TARGET = 26.2;
			};
			name = Debug;
		};
		80D924652F69A7E100D79B07 /* Release */ = {
			isa = XCBuildConfiguration;
			buildSettings = {
				CODE_SIGN_STYLE = Automatic;
				CURRENT_PROJECT_VERSION = 1;
				DEVELOPMENT_TEAM = 2RLCGXAKX3;
				GENERATE_INFOPLIST_FILE = YES;
				IPHONEOS_DEPLOYMENT_TARGET = 26.2;
				MACOSX_DEPLOYMENT_TARGET = 26.2;
				MARKETING_VERSION = 1.0;
				PRODUCT_BUNDLE_IDENTIFIER = eu.j2ghz.JPBTUITests;
				PRODUCT_NAME = "$(TARGET_NAME)";
				SDKROOT = auto;
				STRING_CATALOG_GENERATE_SYMBOLS = NO;
				SUPPORTED_PLATFORMS = "iphoneos iphonesimulator macosx xros xrsimulator";
				SWIFT_APPROACHABLE_CONCURRENCY = YES;
				SWIFT_EMIT_LOC_STRINGS = NO;
				SWIFT_UPCOMING_FEATURE_MEMBER_IMPORT_VISIBILITY = YES;
				SWIFT_VERSION = 5.0;
				TARGETED_DEVICE_FAMILY = "1,2,7";
				TEST_TARGET_NAME = JPBT;
				XROS_DEPLOYMENT_TARGET = 26.2;
			};
			name = Release;
		};
/* End XCBuildConfiguration section */

/* Begin XCConfigurationList section */
		80D924352F69A7DF00D79B07 /* Build configuration list for PBXProject "JPBT" */ = {
			isa = XCConfigurationList;
			buildConfigurations = (
				80D9245B2F69A7E100D79B07 /* Debug */,
				80D9245C2F69A7E100D79B07 /* Release */,
			);
			defaultConfigurationIsVisible = 0;
			defaultConfigurationName = Release;
		};
		80D9245D2F69A7E100D79B07 /* Build configuration list for PBXNativeTarget "JPBT" */ = {
			isa = XCConfigurationList;
			buildConfigurations = (
				80D9245E2F69A7E100D79B07 /* Debug */,
				80D9245F2F69A7E100D79B07 /* Release */,
			);
			defaultConfigurationIsVisible = 0;
			defaultConfigurationName = Release;
		};
		80D924602F69A7E100D79B07 /* Build configuration list for PBXNativeTarget "JPBTTests" */ = {
			isa = XCConfigurationList;
			buildConfigurations = (
				80D924612F69A7E100D79B07 /* Debug */,
				80D924622F69A7E100D79B07 /* Release */,
			);
			defaultConfigurationIsVisible = 0;
			defaultConfigurationName = Release;
		};
		80D924632F69A7E100D79B07 /* Build configuration list for PBXNativeTarget "JPBTUITests" */ = {
			isa = XCConfigurationList;
			buildConfigurations = (
				80D924642F69A7E100D79B07 /* Debug */,
				80D924652F69A7E100D79B07 /* Release */,
			);
			defaultConfigurationIsVisible = 0;
			defaultConfigurationName = Release;
		};
/* End XCConfigurationList section */

/* Begin XCRemoteSwiftPackageReference section */
		803577E92F70B4D900AC09C2 /* XCRemoteSwiftPackageReference "swift-dependencies" */ = {
			isa = XCRemoteSwiftPackageReference;
			repositoryURL = "https://github.com/pointfreeco/swift-dependencies";
			requirement = {
				kind = upToNextMajorVersion;
				minimumVersion = 1.11.0;
			};
		};
		803577EC2F70B5DD00AC09C2 /* XCRemoteSwiftPackageReference "swift-composable-architecture" */ = {
			isa = XCRemoteSwiftPackageReference;
			repositoryURL = "https://github.com/pointfreeco/swift-composable-architecture";
			requirement = {
				kind = upToNextMajorVersion;
				minimumVersion = 1.25.2;
			};
		};
		80A415792F6A2DF900AD6CFA /* XCRemoteSwiftPackageReference "aws-sdk-swift" */ = {
			isa = XCRemoteSwiftPackageReference;
			repositoryURL = "https://github.com/awslabs/aws-sdk-swift";
			requirement = {
				kind = upToNextMajorVersion;
				minimumVersion = 1.6.76;
			};
		};
		80B4E5052F93A4730099C03C /* XCRemoteSwiftPackageReference "sentry-cocoa" */ = {
			isa = XCRemoteSwiftPackageReference;
			repositoryURL = "https://github.com/getsentry/sentry-cocoa.git";
			requirement = {
				kind = upToNextMajorVersion;
				minimumVersion = 9.10.0;
			};
		};
		80B4E5082F93B3FD0099C03C /* XCRemoteSwiftPackageReference "xxHash-Swift" */ = {
			isa = XCRemoteSwiftPackageReference;
			repositoryURL = "https://github.com/daisuke-t-jp/xxHash-Swift";
			requirement = {
				kind = upToNextMajorVersion;
				minimumVersion = 1.1.1;
			};
		};
		80B4E5472F93BB350099C03C /* XCRemoteSwiftPackageReference "zstd" */ = {
			isa = XCRemoteSwiftPackageReference;
			repositoryURL = "https://github.com/facebook/zstd.git";
			requirement = {
				kind = upToNextMajorVersion;
				minimumVersion = 1.0.0;
			};
		};
		80B4E5752F93BF260099C03C /* XCRemoteSwiftPackageReference "SWCompression" */ = {
			isa = XCRemoteSwiftPackageReference;
			repositoryURL = "https://github.com/tsolomko/SWCompression.git";
			requirement = {
				kind = upToNextMajorVersion;
				minimumVersion = 4.8.6;
			};
		};
/* End XCRemoteSwiftPackageReference section */

/* Begin XCSwiftPackageProductDependency section */
		803577EA2F70B4D900AC09C2 /* Dependencies */ = {
			isa = XCSwiftPackageProductDependency;
			package = 803577E92F70B4D900AC09C2 /* XCRemoteSwiftPackageReference "swift-dependencies" */;
			productName = Dependencies;
		};
		803577ED2F70B5DD00AC09C2 /* ComposableArchitecture */ = {
			isa = XCSwiftPackageProductDependency;
			package = 803577EC2F70B5DD00AC09C2 /* XCRemoteSwiftPackageReference "swift-composable-architecture" */;
			productName = ComposableArchitecture;
		};
		80A4157A2F6A2DF900AD6CFA /* AWSS3 */ = {
			isa = XCSwiftPackageProductDependency;
			package = 80A415792F6A2DF900AD6CFA /* XCRemoteSwiftPackageReference "aws-sdk-swift" */;
			productName = AWSS3;
		};
		80B4E5062F93A4730099C03C /* Sentry */ = {
			isa = XCSwiftPackageProductDependency;
			package = 80B4E5052F93A4730099C03C /* XCRemoteSwiftPackageReference "sentry-cocoa" */;
			productName = Sentry;
		};
		80B4E5092F93B3FD0099C03C /* xxHash-Swift */ = {
			isa = XCSwiftPackageProductDependency;
			package = 80B4E5082F93B3FD0099C03C /* XCRemoteSwiftPackageReference "xxHash-Swift" */;
			productName = "xxHash-Swift";
		};
		80B4E5482F93BB350099C03C /* libzstd */ = {
			isa = XCSwiftPackageProductDependency;
			package = 80B4E5472F93BB350099C03C /* XCRemoteSwiftPackageReference "zstd" */;
			productName = libzstd;
		};
		80B4E5762F93BF260099C03C /* SWCompression */ = {
			isa = XCSwiftPackageProductDependency;
			package = 80B4E5752F93BF260099C03C /* XCRemoteSwiftPackageReference "SWCompression" */;
			productName = SWCompression;
		};
/* End XCSwiftPackageProductDependency section */
	};
	rootObject = 80D924322F69A7DF00D79B07 /* Project object */;
}
